
Microsoft Visual Studio Solution File, Format Version 12.00
# Visual Studio 15
VisualStudioVersion = 15.0.26124.0
MinimumVisualStudioVersion = 15.0.26124.0
Project("{FAE04EC0-301F-11D3-BF4B-00C04F79EFBC}") = "Answer", "Answer\Answer.csproj", "{44C057A3-EC87-41CB-8F9A-CA13FC3210ED}"
EndProject
Project("{FAE04EC0-301F-11D3-BF4B-00C04F79EFBC}") = "Answer.Test", "Answer.Test\Answer.Test.csproj", "{2146857B-29B0-41DB-BC0D-18279658672B}"
EndProject
Global
	GlobalSection(SolutionConfigurationPlatforms) = preSolution
		Debug|Any CPU = Debug|Any CPU
		Debug|x64 = Debug|x64
		Debug|x86 = Debug|x86
		Release|Any CPU = Release|Any CPU
		Release|x64 = Release|x64
		Release|x86 = Release|x86
	EndGlobalSection
	GlobalSection(SolutionProperties) = preSolution
		HideSolutionNode = FALSE
	EndGlobalSection
	GlobalSection(ProjectConfigurationPlatforms) = postSolution
		{44C057A3-EC87-41CB-8F9A-CA13FC3210ED}.Debug|Any CPU.ActiveCfg = Debug|Any CPU
		{44C057A3-EC87-41CB-8F9A-CA13FC3210ED}.Debug|Any CPU.Build.0 = Debug|Any CPU
		{44C057A3-EC87-41CB-8F9A-CA13FC3210ED}.Debug|x64.ActiveCfg = Debug|Any CPU
		{44C057A3-EC87-41CB-8F9A-CA13FC3210ED}.Debug|x64.Build.0 = Debug|Any CPU
		{44C057A3-EC87-41CB-8F9A-CA13FC3210ED}.Debug|x86.ActiveCfg = Debug|Any CPU
		{44C057A3-EC87-41CB-8F9A-CA13FC3210ED}.Debug|x86.Build.0 = Debug|Any CPU
		{44C057A3-EC87-41CB-8F9A-CA13FC3210ED}.Release|Any CPU.ActiveCfg = Release|Any CPU
		{44C057A3-EC87-41CB-8F9A-CA13FC3210ED}.Release|Any CPU.Build.0 = Release|Any CPU
		{44C057A3-EC87-41CB-8F9A-CA13FC3210ED}.Release|x64.ActiveCfg = Release|Any CPU
		{44C057A3-EC87-41CB-8F9A-CA13FC3210ED}.Release|x64.Build.0 = Release|Any CPU
		{44C057A3-EC87-41CB-8F9A-CA13FC3210ED}.Release|x86.ActiveCfg = Release|Any CPU
		{44C057A3-EC87-41CB-8F9A-CA13FC3210ED}.Release|x86.Build.0 = Release|Any CPU
		{2146857B-29B0-41DB-BC0D-18279658672B}.Debug|Any CPU.ActiveCfg = Debug|Any CPU
		{2146857B-29B0-41DB-BC0D-18279658672B}.Debug|Any CPU.Build.0 = Debug|Any CPU
		{2146857B-29B0-41DB-BC0D-18279658672B}.Debug|x64.ActiveCfg = Debug|Any CPU
		{2146857B-29B0-41DB-BC0D-18279658672B}.Debug|x64.Build.0 = Debug|Any CPU
		{2146857B-29B0-41DB-BC0D-18279658672B}.Debug|x86.ActiveCfg = Debug|Any CPU
		{2146857B-29B0-41DB-BC0D-18279658672B}.Debug|x86.Build.0 = Debug|Any CPU
		{2146857B-29B0-41DB-BC0D-18279658672B}.Release|Any CPU.ActiveCfg = Release|Any CPU
		{2146857B-29B0-41DB-BC0D-18279658672B}.Release|Any CPU.Build.0 = Release|Any CPU
		{2146857B-29B0-41DB-BC0D-18279658672B}.Release|x64.ActiveCfg = Release|Any CPU
		{2146857B-29B0-41DB-BC0D-18279658672B}.Release|x64.Build.0 = Release|Any CPU
		{2146857B-29B0-41DB-BC0D-18279658672B}.Release|x86.ActiveCfg = Release|Any CPU
		{2146857B-29B0-41DB-BC0D-18279658672B}.Release|x86.Build.0 = Release|Any CPU
	EndGlobalSection
EndGlobal
